
Microsoft Visual Studio Solution File, Format Version 12.00
# Visual Studio Version 16
VisualStudioVersion = 16.0.30523.141
MinimumVisualStudioVersion = 10.0.40219.1
Project("{FAE04EC0-301F-11D3-BF4B-00C04F79EFBC}") = "DONANIM", "DONANIM\DONANIM.csproj", "{37E825C8-44C3-48DB-924B-D7C66975A694}"
EndProject
Global
	GlobalSection(SolutionConfigurationPlatforms) = preSolution
		Debug|Any CPU = Debug|Any CPU
		Release|Any CPU = Release|Any CPU
	EndGlobalSection
	GlobalSection(ProjectConfigurationPlatforms) = postSolution
		{37E825C8-44C3-48DB-924B-D7C66975A694}.Debug|Any CPU.ActiveCfg = Debug|Any CPU
		{37E825C8-44C3-48DB-924B-D7C66975A694}.Debug|Any CPU.Build.0 = Debug|Any CPU
		{37E825C8-44C3-48DB-924B-D7C66975A694}.Release|Any CPU.ActiveCfg = Release|Any CPU
		{37E825C8-44C3-48DB-924B-D7C66975A694}.Release|Any CPU.Build.0 = Release|Any CPU
	EndGlobalSection
	GlobalSection(SolutionProperties) = preSolution
		HideSolutionNode = FALSE
	EndGlobalSection
	GlobalSection(ExtensibilityGlobals) = postSolution
		SolutionGuid = {C9051ADB-B312-497A-B4BF-44C51EC90927}
	EndGlobalSection
EndGlobal
